
Microsoft Visual Studio Solution File, Format Version 12.00
# Visual Studio Version 17
VisualStudioVersion = 17.0.31903.59
MinimumVisualStudioVersion = 10.0.40219.1
Project("{2150E333-8FDC-42A3-9474-1A3956D46DE8}") = "src", "src", "{827E0CD3-B72D-47B6-A68D-7590B98EB39B}"
EndProject
Project("{FAE04EC0-301F-11D3-BF4B-00C04F79EFBC}") = "FogoNoCSharp.Hexagonal.Domain", "src\FogoNoCSharp.Hexagonal.Domain\FogoNoCSharp.Hexagonal.Domain.csproj", "{0499AE8C-681C-4AAE-90AD-444483A5B549}"
EndProject
Project("{FAE04EC0-301F-11D3-BF4B-00C04F79EFBC}") = "FogoNoCSharp.Hexagonal.Application", "src\FogoNoCSharp.Hexagonal.Application\FogoNoCSharp.Hexagonal.Application.csproj", "{5844C4C8-B77C-4032-9549-212C60547D47}"
EndProject
Project("{FAE04EC0-301F-11D3-BF4B-00C04F79EFBC}") = "FogoNoCSharp.Hexagonal.Infrastructure", "src\FogoNoCSharp.Hexagonal.Infrastructure\FogoNoCSharp.Hexagonal.Infrastructure.csproj", "{B3DA8386-B9AC-41C2-9AE4-625F461CE388}"
EndProject
Project("{FAE04EC0-301F-11D3-BF4B-00C04F79EFBC}") = "FogoNoCSharp.Hexagonal.Api", "src\FogoNoCSharp.Hexagonal.Api\FogoNoCSharp.Hexagonal.Api.csproj", "{39CFB2F0-EFAE-47A5-935A-E8D721963216}"
EndProject
Project("{2150E333-8FDC-42A3-9474-1A3956D46DE8}") = "tests", "tests", "{0AB3BF05-4346-4AA6-1389-037BE0695223}"
EndProject
Project("{FAE04EC0-301F-11D3-BF4B-00C04F79EFBC}") = "FogoNoCSharp.Hexagonal.Tests", "tests\FogoNoCSharp.Hexagonal.Tests\FogoNoCSharp.Hexagonal.Tests.csproj", "{4139A426-F58A-45ED-A49B-1AA85BF0970C}"
EndProject
Global
	GlobalSection(SolutionConfigurationPlatforms) = preSolution
		Debug|Any CPU = Debug|Any CPU
		Debug|x64 = Debug|x64
		Debug|x86 = Debug|x86
		Release|Any CPU = Release|Any CPU
		Release|x64 = Release|x64
		Release|x86 = Release|x86
	EndGlobalSection
	GlobalSection(ProjectConfigurationPlatforms) = postSolution
		{0499AE8C-681C-4AAE-90AD-444483A5B549}.Debug|Any CPU.ActiveCfg = Debug|Any CPU
		{0499AE8C-681C-4AAE-90AD-444483A5B549}.Debug|Any CPU.Build.0 = Debug|Any CPU
		{0499AE8C-681C-4AAE-90AD-444483A5B549}.Debug|x64.ActiveCfg = Debug|Any CPU
		{0499AE8C-681C-4AAE-90AD-444483A5B549}.Debug|x64.Build.0 = Debug|Any CPU
		{0499AE8C-681C-4AAE-90AD-444483A5B549}.Debug|x86.ActiveCfg = Debug|Any CPU
		{0499AE8C-681C-4AAE-90AD-444483A5B549}.Debug|x86.Build.0 = Debug|Any CPU
		{0499AE8C-681C-4AAE-90AD-444483A5B549}.Release|Any CPU.ActiveCfg = Release|Any CPU
		{0499AE8C-681C-4AAE-90AD-444483A5B549}.Release|Any CPU.Build.0 = Release|Any CPU
		{0499AE8C-681C-4AAE-90AD-444483A5B549}.Release|x64.ActiveCfg = Release|Any CPU
		{0499AE8C-681C-4AAE-90AD-444483A5B549}.Release|x64.Build.0 = Release|Any CPU
		{0499AE8C-681C-4AAE-90AD-444483A5B549}.Release|x86.ActiveCfg = Release|Any CPU
		{0499AE8C-681C-4AAE-90AD-444483A5B549}.Release|x86.Build.0 = Release|Any CPU
		{5844C4C8-B77C-4032-9549-212C60547D47}.Debug|Any CPU.ActiveCfg = Debug|Any CPU
		{5844C4C8-B77C-4032-9549-212C60547D47}.Debug|Any CPU.Build.0 = Debug|Any CPU
		{5844C4C8-B77C-4032-9549-212C60547D47}.Debug|x64.ActiveCfg = Debug|Any CPU
		{5844C4C8-B77C-4032-9549-212C60547D47}.Debug|x64.Build.0 = Debug|Any CPU
		{5844C4C8-B77C-4032-9549-212C60547D47}.Debug|x86.ActiveCfg = Debug|Any CPU
		{5844C4C8-B77C-4032-9549-212C60547D47}.Debug|x86.Build.0 = Debug|Any CPU
		{5844C4C8-B77C-4032-9549-212C60547D47}.Release|Any CPU.ActiveCfg = Release|Any CPU
		{5844C4C8-B77C-4032-9549-212C60547D47}.Release|Any CPU.Build.0 = Release|Any CPU
		{5844C4C8-B77C-4032-9549-212C60547D47}.Release|x64.ActiveCfg = Release|Any CPU
		{5844C4C8-B77C-4032-9549-212C60547D47}.Release|x64.Build.0 = Release|Any CPU
		{5844C4C8-B77C-4032-9549-212C60547D47}.Release|x86.ActiveCfg = Release|Any CPU
		{5844C4C8-B77C-4032-9549-212C60547D47}.Release|x86.Build.0 = Release|Any CPU
		{B3DA8386-B9AC-41C2-9AE4-625F461CE388}.Debug|Any CPU.ActiveCfg = Debug|Any CPU
		{B3DA8386-B9AC-41C2-9AE4-625F461CE388}.Debug|Any CPU.Build.0 = Debug|Any CPU
		{B3DA8386-B9AC-41C2-9AE4-625F461CE388}.Debug|x64.ActiveCfg = Debug|Any CPU
		{B3DA8386-B9AC-41C2-9AE4-625F461CE388}.Debug|x64.Build.0 = Debug|Any CPU
		{B3DA8386-B9AC-41C2-9AE4-625F461CE388}.Debug|x86.ActiveCfg = Debug|Any CPU
		{B3DA8386-B9AC-41C2-9AE4-625F461CE388}.Debug|x86.Build.0 = Debug|Any CPU
		{B3DA8386-B9AC-41C2-9AE4-625F461CE388}.Release|Any CPU.ActiveCfg = Release|Any CPU
		{B3DA8386-B9AC-41C2-9AE4-625F461CE388}.Release|Any CPU.Build.0 = Release|Any CPU
		{B3DA8386-B9AC-41C2-9AE4-625F461CE388}.Release|x64.ActiveCfg = Release|Any CPU
		{B3DA8386-B9AC-41C2-9AE4-625F461CE388}.Release|x64.Build.0 = Release|Any CPU
		{B3DA8386-B9AC-41C2-9AE4-625F461CE388}.Release|x86.ActiveCfg = Release|Any CPU
		{B3DA8386-B9AC-41C2-9AE4-625F461CE388}.Release|x86.Build.0 = Release|Any CPU
		{39CFB2F0-EFAE-47A5-935A-E8D721963216}.Debug|Any CPU.ActiveCfg = Debug|Any CPU
		{39CFB2F0-EFAE-47A5-935A-E8D721963216}.Debug|Any CPU.Build.0 = Debug|Any CPU
		{39CFB2F0-EFAE-47A5-935A-E8D721963216}.Debug|x64.ActiveCfg = Debug|Any CPU
		{39CFB2F0-EFAE-47A5-935A-E8D721963216}.Debug|x64.Build.0 = Debug|Any CPU
		{39CFB2F0-EFAE-47A5-935A-E8D721963216}.Debug|x86.ActiveCfg = Debug|Any CPU
		{39CFB2F0-EFAE-47A5-935A-E8D721963216}.Debug|x86.Build.0 = Debug|Any CPU
		{39CFB2F0-EFAE-47A5-935A-E8D721963216}.Release|Any CPU.ActiveCfg = Release|Any CPU
		{39CFB2F0-EFAE-47A5-935A-E8D721963216}.Release|Any CPU.Build.0 = Release|Any CPU
		{39CFB2F0-EFAE-47A5-935A-E8D721963216}.Release|x64.ActiveCfg = Release|Any CPU
		{39CFB2F0-EFAE-47A5-935A-E8D721963216}.Release|x64.Build.0 = Release|Any CPU
		{39CFB2F0-EFAE-47A5-935A-E8D721963216}.Release|x86.ActiveCfg = Release|Any CPU
		{39CFB2F0-EFAE-47A5-935A-E8D721963216}.Release|x86.Build.0 = Release|Any CPU
		{4139A426-F58A-45ED-A49B-1AA85BF0970C}.Debug|Any CPU.ActiveCfg = Debug|Any CPU
		{4139A426-F58A-45ED-A49B-1AA85BF0970C}.Debug|Any CPU.Build.0 = Debug|Any CPU
		{4139A426-F58A-45ED-A49B-1AA85BF0970C}.Debug|x64.ActiveCfg = Debug|Any CPU
		{4139A426-F58A-45ED-A49B-1AA85BF0970C}.Debug|x64.Build.0 = Debug|Any CPU
		{4139A426-F58A-45ED-A49B-1AA85BF0970C}.Debug|x86.ActiveCfg = Debug|Any CPU
		{4139A426-F58A-45ED-A49B-1AA85BF0970C}.Debug|x86.Build.0 = Debug|Any CPU
		{4139A426-F58A-45ED-A49B-1AA85BF0970C}.Release|Any CPU.ActiveCfg = Release|Any CPU
		{4139A426-F58A-45ED-A49B-1AA85BF0970C}.Release|Any CPU.Build.0 = Release|Any CPU
		{4139A426-F58A-45ED-A49B-1AA85BF0970C}.Release|x64.ActiveCfg = Release|Any CPU
		{4139A426-F58A-45ED-A49B-1AA85BF0970C}.Release|x64.Build.0 = Release|Any CPU
		{4139A426-F58A-45ED-A49B-1AA85BF0970C}.Release|x86.ActiveCfg = Release|Any CPU
		{4139A426-F58A-45ED-A49B-1AA85BF0970C}.Release|x86.Build.0 = Release|Any CPU
	EndGlobalSection
	GlobalSection(SolutionProperties) = preSolution
		HideSolutionNode = FALSE
	EndGlobalSection
	GlobalSection(NestedProjects) = preSolution
		{0499AE8C-681C-4AAE-90AD-444483A5B549} = {827E0CD3-B72D-47B6-A68D-7590B98EB39B}
		{5844C4C8-B77C-4032-9549-212C60547D47} = {827E0CD3-B72D-47B6-A68D-7590B98EB39B}
		{B3DA8386-B9AC-41C2-9AE4-625F461CE388} = {827E0CD3-B72D-47B6-A68D-7590B98EB39B}
		{39CFB2F0-EFAE-47A5-935A-E8D721963216} = {827E0CD3-B72D-47B6-A68D-7590B98EB39B}
		{4139A426-F58A-45ED-A49B-1AA85BF0970C} = {0AB3BF05-4346-4AA6-1389-037BE0695223}
	EndGlobalSection
EndGlobal
